
Microsoft Visual Studio Solution File, Format Version 12.00
# Visual Studio Version 17
VisualStudioVersion = 17.5.33627.172
MinimumVisualStudioVersion = 10.0.40219.1
Project("{9A19103F-16F7-4668-BE54-9A1E7A4F7556}") = "01Day_Hello", "01Day_Hello\01Day_Hello.csproj", "{D2A161FF-9320-40F9-82E7-A6ACEAC88AF8}"
EndProject
Project("{FAE04EC0-301F-11D3-BF4B-00C04F79EFBC}") = "01Day_PrimeNo", "01Day_PrimeNo\01Day_PrimeNo.csproj", "{8BACEB4F-6F44-4BD5-A0A6-D0F595C4863F}"
EndProject
Project("{FAE04EC0-301F-11D3-BF4B-00C04F79EFBC}") = "01Day_Pattern", "01Day_Pattern\01Day_Pattern.csproj", "{310371B6-4C48-4F29-BCB0-33526853D16D}"
EndProject
Project("{FAE04EC0-301F-11D3-BF4B-00C04F79EFBC}") = "02Day_DataTypes", "02Day_DataTypes\02Day_DataTypes.csproj", "{C74FD484-95C0-4BA3-ACA9-8A4828BE49F4}"
EndProject
Project("{FAE04EC0-301F-11D3-BF4B-00C04F79EFBC}") = "02Day_Inheritance1", "02Day_Inheritance1\02Day_Inheritance1.csproj", "{7D67444B-25B8-4406-87CE-65A120AB0A7D}"
EndProject
Project("{FAE04EC0-301F-11D3-BF4B-00C04F79EFBC}") = "02Day_Inheritance2", "02Day_Inheritance2\02Day_Inheritance2.csproj", "{F7CDFD2C-AC5C-47A3-998C-4D73FF5CC93B}"
EndProject
Project("{FAE04EC0-301F-11D3-BF4B-00C04F79EFBC}") = "02Day_Oop", "02Day_Oop\02Day_Oop.csproj", "{168ED59A-EAEF-49E3-BAAD-0302D883DF89}"
EndProject
Global
	GlobalSection(SolutionConfigurationPlatforms) = preSolution
		Debug|Any CPU = Debug|Any CPU
		Release|Any CPU = Release|Any CPU
	EndGlobalSection
	GlobalSection(ProjectConfigurationPlatforms) = postSolution
		{D2A161FF-9320-40F9-82E7-A6ACEAC88AF8}.Debug|Any CPU.ActiveCfg = Debug|Any CPU
		{D2A161FF-9320-40F9-82E7-A6ACEAC88AF8}.Debug|Any CPU.Build.0 = Debug|Any CPU
		{D2A161FF-9320-40F9-82E7-A6ACEAC88AF8}.Release|Any CPU.ActiveCfg = Release|Any CPU
		{D2A161FF-9320-40F9-82E7-A6ACEAC88AF8}.Release|Any CPU.Build.0 = Release|Any CPU
		{8BACEB4F-6F44-4BD5-A0A6-D0F595C4863F}.Debug|Any CPU.ActiveCfg = Debug|Any CPU
		{8BACEB4F-6F44-4BD5-A0A6-D0F595C4863F}.Debug|Any CPU.Build.0 = Debug|Any CPU
		{8BACEB4F-6F44-4BD5-A0A6-D0F595C4863F}.Release|Any CPU.ActiveCfg = Release|Any CPU
		{8BACEB4F-6F44-4BD5-A0A6-D0F595C4863F}.Release|Any CPU.Build.0 = Release|Any CPU
		{310371B6-4C48-4F29-BCB0-33526853D16D}.Debug|Any CPU.ActiveCfg = Debug|Any CPU
		{310371B6-4C48-4F29-BCB0-33526853D16D}.Debug|Any CPU.Build.0 = Debug|Any CPU
		{310371B6-4C48-4F29-BCB0-33526853D16D}.Release|Any CPU.ActiveCfg = Release|Any CPU
		{310371B6-4C48-4F29-BCB0-33526853D16D}.Release|Any CPU.Build.0 = Release|Any CPU
		{C74FD484-95C0-4BA3-ACA9-8A4828BE49F4}.Debug|Any CPU.ActiveCfg = Debug|Any CPU
		{C74FD484-95C0-4BA3-ACA9-8A4828BE49F4}.Debug|Any CPU.Build.0 = Debug|Any CPU
		{C74FD484-95C0-4BA3-ACA9-8A4828BE49F4}.Release|Any CPU.ActiveCfg = Release|Any CPU
		{C74FD484-95C0-4BA3-ACA9-8A4828BE49F4}.Release|Any CPU.Build.0 = Release|Any CPU
		{7D67444B-25B8-4406-87CE-65A120AB0A7D}.Debug|Any CPU.ActiveCfg = Debug|Any CPU
		{7D67444B-25B8-4406-87CE-65A120AB0A7D}.Debug|Any CPU.Build.0 = Debug|Any CPU
		{7D67444B-25B8-4406-87CE-65A120AB0A7D}.Release|Any CPU.ActiveCfg = Release|Any CPU
		{7D67444B-25B8-4406-87CE-65A120AB0A7D}.Release|Any CPU.Build.0 = Release|Any CPU
		{F7CDFD2C-AC5C-47A3-998C-4D73FF5CC93B}.Debug|Any CPU.ActiveCfg = Debug|Any CPU
		{F7CDFD2C-AC5C-47A3-998C-4D73FF5CC93B}.Debug|Any CPU.Build.0 = Debug|Any CPU
		{F7CDFD2C-AC5C-47A3-998C-4D73FF5CC93B}.Release|Any CPU.ActiveCfg = Release|Any CPU
		{F7CDFD2C-AC5C-47A3-998C-4D73FF5CC93B}.Release|Any CPU.Build.0 = Release|Any CPU
		{168ED59A-EAEF-49E3-BAAD-0302D883DF89}.Debug|Any CPU.ActiveCfg = Debug|Any CPU
		{168ED59A-EAEF-49E3-BAAD-0302D883DF89}.Debug|Any CPU.Build.0 = Debug|Any CPU
		{168ED59A-EAEF-49E3-BAAD-0302D883DF89}.Release|Any CPU.ActiveCfg = Release|Any CPU
		{168ED59A-EAEF-49E3-BAAD-0302D883DF89}.Release|Any CPU.Build.0 = Release|Any CPU
	EndGlobalSection
	GlobalSection(SolutionProperties) = preSolution
		HideSolutionNode = FALSE
	EndGlobalSection
	GlobalSection(ExtensibilityGlobals) = postSolution
		SolutionGuid = {22623ED5-55B9-409B-A4BC-62D85127C04A}
	EndGlobalSection
EndGlobal
