
Microsoft Visual Studio Solution File, Format Version 12.00
# Visual Studio Version 17
VisualStudioVersion = 17.5.33627.172
MinimumVisualStudioVersion = 10.0.40219.1
Project("{9A19103F-16F7-4668-BE54-9A1E7A4F7556}") = "01Day_Hello", "01Day_Hello\01Day_Hello.csproj", "{D2A161FF-9320-40F9-82E7-A6ACEAC88AF8}"
EndProject
Project("{FAE04EC0-301F-11D3-BF4B-00C04F79EFBC}") = "01Day_PrimeNo", "01Day_PrimeNo\01Day_PrimeNo.csproj", "{8BACEB4F-6F44-4BD5-A0A6-D0F595C4863F}"
EndProject
Project("{9A19103F-16F7-4668-BE54-9A1E7A4F7556}") = "01Day_Pattern", "01Day_Pattern\01Day_Pattern.csproj", "{310371B6-4C48-4F29-BCB0-33526853D16D}"
EndProject
Project("{9A19103F-16F7-4668-BE54-9A1E7A4F7556}") = "02Day_DataTypes", "02Day_DataTypes\02Day_DataTypes.csproj", "{C74FD484-95C0-4BA3-ACA9-8A4828BE49F4}"
EndProject
Project("{9A19103F-16F7-4668-BE54-9A1E7A4F7556}") = "02Day_Inheritance1", "02Day_Inheritance1\02Day_Inheritance1.csproj", "{7D67444B-25B8-4406-87CE-65A120AB0A7D}"
EndProject
Project("{9A19103F-16F7-4668-BE54-9A1E7A4F7556}") = "02Day_Inheritance2", "02Day_Inheritance2\02Day_Inheritance2.csproj", "{F7CDFD2C-AC5C-47A3-998C-4D73FF5CC93B}"
EndProject
Project("{9A19103F-16F7-4668-BE54-9A1E7A4F7556}") = "02Day_Oop", "02Day_Oop\02Day_Oop.csproj", "{168ED59A-EAEF-49E3-BAAD-0302D883DF89}"
EndProject
Project("{9A19103F-16F7-4668-BE54-9A1E7A4F7556}") = "02Day_Database_Inheritance", "02Day_Database_Inheritance\02Day_Database_Inheritance.csproj", "{C552685C-5B9C-4B0E-ABC6-78FB66A37030}"
EndProject
Project("{9A19103F-16F7-4668-BE54-9A1E7A4F7556}") = "03Day_Report", "03Day_Report\03Day_Report.csproj", "{FC59B272-3AE7-4019-B2DF-218E4F12DF30}"
EndProject
Project("{9A19103F-16F7-4668-BE54-9A1E7A4F7556}") = "03Day_Sealed", "03Day_Sealed\03Day_Sealed.csproj", "{F7B3839B-458A-48F7-9DC6-20046E00598F}"
EndProject
Project("{9A19103F-16F7-4668-BE54-9A1E7A4F7556}") = "03Day_Logger", "03Day_Logger\03Day_Logger.csproj", "{09D0E8B6-CE12-43FA-85EA-7DAB326722E2}"
EndProject
Project("{9A19103F-16F7-4668-BE54-9A1E7A4F7556}") = "03Day_NotepadApplication", "03Day_NotepadApplication\03Day_NotepadApplication.csproj", "{9BF76FB7-AF4E-409E-933E-0E16D8FAC242}"
EndProject
Project("{9A19103F-16F7-4668-BE54-9A1E7A4F7556}") = "04Day_Property", "04Day_Property\04Day_Property.csproj", "{F63F0D31-1978-4147-9F26-4B00479FCD6A}"
EndProject
Project("{9A19103F-16F7-4668-BE54-9A1E7A4F7556}") = "Day04_Delegates", "Day04_Delegates\Day04_Delegates.csproj", "{60F02C69-7C78-4674-B0E5-F276B2B1D0B6}"
EndProject
Project("{9A19103F-16F7-4668-BE54-9A1E7A4F7556}") = "04Day_EventDelegators", "04Day_EventDelegators\04Day_EventDelegators.csproj", "{29F6306E-190A-4412-A789-6C4C7949D9BC}"
EndProject
Project("{FAE04EC0-301F-11D3-BF4B-00C04F79EFBC}") = "04Day_CMathh", "04Day_CMathh\04Day_CMathh.csproj", "{28A6F744-B2A6-4769-A346-8407C458B527}"
EndProject
Project("{9A19103F-16F7-4668-BE54-9A1E7A4F7556}") = "CMathClient", "CMathClient\CMathClient.csproj", "{FBCDC9EB-10E0-42AD-90D6-972D27676DA6}"
EndProject
Project("{9A19103F-16F7-4668-BE54-9A1E7A4F7556}") = "04Day_MulticastDelegate", "04Day_MulticastDelegate\04Day_MulticastDelegate.csproj", "{0A979A37-2BC2-4A60-A443-566832084AA7}"
EndProject
Project("{9A19103F-16F7-4668-BE54-9A1E7A4F7556}") = "06Day_FileIO", "06Day_FileIO\06Day_FileIO.csproj", "{0E466BFE-F603-48C3-96C8-EE0AB2AB7905}"
EndProject
Project("{9A19103F-16F7-4668-BE54-9A1E7A4F7556}") = "06Day_BinarySerialization", "06Day_BinarySerialization\06Day_BinarySerialization.csproj", "{F3F6A9B9-B046-44DA-8EC2-03FDD171A3BF}"
EndProject
Project("{9A19103F-16F7-4668-BE54-9A1E7A4F7556}") = "06Day_Seialization", "06Day_Seialization\06Day_Seialization.csproj", "{06C984AE-F24E-46C4-94FA-4C9E35C5EE78}"
EndProject
Project("{9A19103F-16F7-4668-BE54-9A1E7A4F7556}") = "06Day_Reflection", "06Day_Reflection\06Day_Reflection.csproj", "{127591B3-A1B7-464D-97ED-290A9DF31D1A}"
EndProject
Project("{FAE04EC0-301F-11D3-BF4B-00C04F79EFBC}") = "CMath", "CMath\CMath.csproj", "{A319CE26-952A-4253-A444-E4F9EB52A872}"
EndProject
Project("{9A19103F-16F7-4668-BE54-9A1E7A4F7556}") = "07Day_PartialClass", "07Day_PartialClass\07Day_PartialClass.csproj", "{7367E967-DDC0-4BCF-AA4C-94C58375B059}"
EndProject
Project("{9A19103F-16F7-4668-BE54-9A1E7A4F7556}") = "07Day_MyApplication", "07Day_MyApplication\07Day_MyApplication.csproj", "{05B57A74-F2D7-450F-9550-ADB33E247566}"
EndProject
Project("{FAE04EC0-301F-11D3-BF4B-00C04F79EFBC}") = "07Day_BVSAttribute", "07Day_BVSAttribute\07Day_BVSAttribute.csproj", "{4AB0767C-1F94-4E8F-8F4C-488FB363DCBC}"
EndProject
Project("{FAE04EC0-301F-11D3-BF4B-00C04F79EFBC}") = "07Day_CustomAttribute", "07Day_CustomAttribute\07Day_CustomAttribute.csproj", "{31B4823E-D239-4AA6-BD9B-47F5FE31BDFD}"
EndProject
Project("{FAE04EC0-301F-11D3-BF4B-00C04F79EFBC}") = "07Day_MyLib", "07Day_MyLib\07Day_MyLib.csproj", "{E6EF9453-DAB1-4891-8F4D-FA94AA39CD0F}"
EndProject
Project("{9A19103F-16F7-4668-BE54-9A1E7A4F7556}") = "07Day_MyORM", "07Day_MyORM\07Day_MyORM.csproj", "{2DB209C3-DDEA-4E82-A665-DA225E04C453}"
EndProject
Project("{FAE04EC0-301F-11D3-BF4B-00C04F79EFBC}") = "08Day_Properties", "08Day_Properties\08Day_Properties.csproj", "{7528D73D-5E4B-497E-8EC4-FEA809F3D7C6}"
EndProject
Project("{FAE04EC0-301F-11D3-BF4B-00C04F79EFBC}") = "08Day_LinQ", "08Day_LinQ\08Day_LinQ.csproj", "{29AB64BC-26C7-4315-938A-0BE77B2B0A30}"
EndProject
Project("{FAE04EC0-301F-11D3-BF4B-00C04F79EFBC}") = "08Day_Linq2", "08Day_Linq2\08Day_Linq2.csproj", "{561D7B46-2AF3-45C4-8A30-F193A224D922}"
EndProject
Global
	GlobalSection(SolutionConfigurationPlatforms) = preSolution
		Debug|Any CPU = Debug|Any CPU
		Release|Any CPU = Release|Any CPU
	EndGlobalSection
	GlobalSection(ProjectConfigurationPlatforms) = postSolution
		{D2A161FF-9320-40F9-82E7-A6ACEAC88AF8}.Debug|Any CPU.ActiveCfg = Debug|Any CPU
		{D2A161FF-9320-40F9-82E7-A6ACEAC88AF8}.Debug|Any CPU.Build.0 = Debug|Any CPU
		{D2A161FF-9320-40F9-82E7-A6ACEAC88AF8}.Release|Any CPU.ActiveCfg = Release|Any CPU
		{D2A161FF-9320-40F9-82E7-A6ACEAC88AF8}.Release|Any CPU.Build.0 = Release|Any CPU
		{8BACEB4F-6F44-4BD5-A0A6-D0F595C4863F}.Debug|Any CPU.ActiveCfg = Debug|Any CPU
		{8BACEB4F-6F44-4BD5-A0A6-D0F595C4863F}.Debug|Any CPU.Build.0 = Debug|Any CPU
		{8BACEB4F-6F44-4BD5-A0A6-D0F595C4863F}.Release|Any CPU.ActiveCfg = Release|Any CPU
		{8BACEB4F-6F44-4BD5-A0A6-D0F595C4863F}.Release|Any CPU.Build.0 = Release|Any CPU
		{310371B6-4C48-4F29-BCB0-33526853D16D}.Debug|Any CPU.ActiveCfg = Debug|Any CPU
		{310371B6-4C48-4F29-BCB0-33526853D16D}.Debug|Any CPU.Build.0 = Debug|Any CPU
		{310371B6-4C48-4F29-BCB0-33526853D16D}.Release|Any CPU.ActiveCfg = Release|Any CPU
		{310371B6-4C48-4F29-BCB0-33526853D16D}.Release|Any CPU.Build.0 = Release|Any CPU
		{C74FD484-95C0-4BA3-ACA9-8A4828BE49F4}.Debug|Any CPU.ActiveCfg = Debug|Any CPU
		{C74FD484-95C0-4BA3-ACA9-8A4828BE49F4}.Debug|Any CPU.Build.0 = Debug|Any CPU
		{C74FD484-95C0-4BA3-ACA9-8A4828BE49F4}.Release|Any CPU.ActiveCfg = Release|Any CPU
		{C74FD484-95C0-4BA3-ACA9-8A4828BE49F4}.Release|Any CPU.Build.0 = Release|Any CPU
		{7D67444B-25B8-4406-87CE-65A120AB0A7D}.Debug|Any CPU.ActiveCfg = Debug|Any CPU
		{7D67444B-25B8-4406-87CE-65A120AB0A7D}.Debug|Any CPU.Build.0 = Debug|Any CPU
		{7D67444B-25B8-4406-87CE-65A120AB0A7D}.Release|Any CPU.ActiveCfg = Release|Any CPU
		{7D67444B-25B8-4406-87CE-65A120AB0A7D}.Release|Any CPU.Build.0 = Release|Any CPU
		{F7CDFD2C-AC5C-47A3-998C-4D73FF5CC93B}.Debug|Any CPU.ActiveCfg = Debug|Any CPU
		{F7CDFD2C-AC5C-47A3-998C-4D73FF5CC93B}.Debug|Any CPU.Build.0 = Debug|Any CPU
		{F7CDFD2C-AC5C-47A3-998C-4D73FF5CC93B}.Release|Any CPU.ActiveCfg = Release|Any CPU
		{F7CDFD2C-AC5C-47A3-998C-4D73FF5CC93B}.Release|Any CPU.Build.0 = Release|Any CPU
		{168ED59A-EAEF-49E3-BAAD-0302D883DF89}.Debug|Any CPU.ActiveCfg = Debug|Any CPU
		{168ED59A-EAEF-49E3-BAAD-0302D883DF89}.Debug|Any CPU.Build.0 = Debug|Any CPU
		{168ED59A-EAEF-49E3-BAAD-0302D883DF89}.Release|Any CPU.ActiveCfg = Release|Any CPU
		{168ED59A-EAEF-49E3-BAAD-0302D883DF89}.Release|Any CPU.Build.0 = Release|Any CPU
		{C552685C-5B9C-4B0E-ABC6-78FB66A37030}.Debug|Any CPU.ActiveCfg = Debug|Any CPU
		{C552685C-5B9C-4B0E-ABC6-78FB66A37030}.Debug|Any CPU.Build.0 = Debug|Any CPU
		{C552685C-5B9C-4B0E-ABC6-78FB66A37030}.Release|Any CPU.ActiveCfg = Release|Any CPU
		{C552685C-5B9C-4B0E-ABC6-78FB66A37030}.Release|Any CPU.Build.0 = Release|Any CPU
		{FC59B272-3AE7-4019-B2DF-218E4F12DF30}.Debug|Any CPU.ActiveCfg = Debug|Any CPU
		{FC59B272-3AE7-4019-B2DF-218E4F12DF30}.Debug|Any CPU.Build.0 = Debug|Any CPU
		{FC59B272-3AE7-4019-B2DF-218E4F12DF30}.Release|Any CPU.ActiveCfg = Release|Any CPU
		{FC59B272-3AE7-4019-B2DF-218E4F12DF30}.Release|Any CPU.Build.0 = Release|Any CPU
		{F7B3839B-458A-48F7-9DC6-20046E00598F}.Debug|Any CPU.ActiveCfg = Debug|Any CPU
		{F7B3839B-458A-48F7-9DC6-20046E00598F}.Debug|Any CPU.Build.0 = Debug|Any CPU
		{F7B3839B-458A-48F7-9DC6-20046E00598F}.Release|Any CPU.ActiveCfg = Release|Any CPU
		{F7B3839B-458A-48F7-9DC6-20046E00598F}.Release|Any CPU.Build.0 = Release|Any CPU
		{09D0E8B6-CE12-43FA-85EA-7DAB326722E2}.Debug|Any CPU.ActiveCfg = Debug|Any CPU
		{09D0E8B6-CE12-43FA-85EA-7DAB326722E2}.Debug|Any CPU.Build.0 = Debug|Any CPU
		{09D0E8B6-CE12-43FA-85EA-7DAB326722E2}.Release|Any CPU.ActiveCfg = Release|Any CPU
		{09D0E8B6-CE12-43FA-85EA-7DAB326722E2}.Release|Any CPU.Build.0 = Release|Any CPU
		{9BF76FB7-AF4E-409E-933E-0E16D8FAC242}.Debug|Any CPU.ActiveCfg = Debug|Any CPU
		{9BF76FB7-AF4E-409E-933E-0E16D8FAC242}.Debug|Any CPU.Build.0 = Debug|Any CPU
		{9BF76FB7-AF4E-409E-933E-0E16D8FAC242}.Release|Any CPU.ActiveCfg = Release|Any CPU
		{9BF76FB7-AF4E-409E-933E-0E16D8FAC242}.Release|Any CPU.Build.0 = Release|Any CPU
		{F63F0D31-1978-4147-9F26-4B00479FCD6A}.Debug|Any CPU.ActiveCfg = Debug|Any CPU
		{F63F0D31-1978-4147-9F26-4B00479FCD6A}.Debug|Any CPU.Build.0 = Debug|Any CPU
		{F63F0D31-1978-4147-9F26-4B00479FCD6A}.Release|Any CPU.ActiveCfg = Release|Any CPU
		{F63F0D31-1978-4147-9F26-4B00479FCD6A}.Release|Any CPU.Build.0 = Release|Any CPU
		{60F02C69-7C78-4674-B0E5-F276B2B1D0B6}.Debug|Any CPU.ActiveCfg = Debug|Any CPU
		{60F02C69-7C78-4674-B0E5-F276B2B1D0B6}.Debug|Any CPU.Build.0 = Debug|Any CPU
		{60F02C69-7C78-4674-B0E5-F276B2B1D0B6}.Release|Any CPU.ActiveCfg = Release|Any CPU
		{60F02C69-7C78-4674-B0E5-F276B2B1D0B6}.Release|Any CPU.Build.0 = Release|Any CPU
		{29F6306E-190A-4412-A789-6C4C7949D9BC}.Debug|Any CPU.ActiveCfg = Debug|Any CPU
		{29F6306E-190A-4412-A789-6C4C7949D9BC}.Debug|Any CPU.Build.0 = Debug|Any CPU
		{29F6306E-190A-4412-A789-6C4C7949D9BC}.Release|Any CPU.ActiveCfg = Release|Any CPU
		{29F6306E-190A-4412-A789-6C4C7949D9BC}.Release|Any CPU.Build.0 = Release|Any CPU
		{28A6F744-B2A6-4769-A346-8407C458B527}.Debug|Any CPU.ActiveCfg = Debug|Any CPU
		{28A6F744-B2A6-4769-A346-8407C458B527}.Debug|Any CPU.Build.0 = Debug|Any CPU
		{28A6F744-B2A6-4769-A346-8407C458B527}.Release|Any CPU.ActiveCfg = Release|Any CPU
		{28A6F744-B2A6-4769-A346-8407C458B527}.Release|Any CPU.Build.0 = Release|Any CPU
		{FBCDC9EB-10E0-42AD-90D6-972D27676DA6}.Debug|Any CPU.ActiveCfg = Debug|Any CPU
		{FBCDC9EB-10E0-42AD-90D6-972D27676DA6}.Debug|Any CPU.Build.0 = Debug|Any CPU
		{FBCDC9EB-10E0-42AD-90D6-972D27676DA6}.Release|Any CPU.ActiveCfg = Release|Any CPU
		{FBCDC9EB-10E0-42AD-90D6-972D27676DA6}.Release|Any CPU.Build.0 = Release|Any CPU
		{0A979A37-2BC2-4A60-A443-566832084AA7}.Debug|Any CPU.ActiveCfg = Debug|Any CPU
		{0A979A37-2BC2-4A60-A443-566832084AA7}.Debug|Any CPU.Build.0 = Debug|Any CPU
		{0A979A37-2BC2-4A60-A443-566832084AA7}.Release|Any CPU.ActiveCfg = Release|Any CPU
		{0A979A37-2BC2-4A60-A443-566832084AA7}.Release|Any CPU.Build.0 = Release|Any CPU
		{0E466BFE-F603-48C3-96C8-EE0AB2AB7905}.Debug|Any CPU.ActiveCfg = Debug|Any CPU
		{0E466BFE-F603-48C3-96C8-EE0AB2AB7905}.Debug|Any CPU.Build.0 = Debug|Any CPU
		{0E466BFE-F603-48C3-96C8-EE0AB2AB7905}.Release|Any CPU.ActiveCfg = Release|Any CPU
		{0E466BFE-F603-48C3-96C8-EE0AB2AB7905}.Release|Any CPU.Build.0 = Release|Any CPU
		{F3F6A9B9-B046-44DA-8EC2-03FDD171A3BF}.Debug|Any CPU.ActiveCfg = Debug|Any CPU
		{F3F6A9B9-B046-44DA-8EC2-03FDD171A3BF}.Debug|Any CPU.Build.0 = Debug|Any CPU
		{F3F6A9B9-B046-44DA-8EC2-03FDD171A3BF}.Release|Any CPU.ActiveCfg = Release|Any CPU
		{F3F6A9B9-B046-44DA-8EC2-03FDD171A3BF}.Release|Any CPU.Build.0 = Release|Any CPU
		{06C984AE-F24E-46C4-94FA-4C9E35C5EE78}.Debug|Any CPU.ActiveCfg = Debug|Any CPU
		{06C984AE-F24E-46C4-94FA-4C9E35C5EE78}.Debug|Any CPU.Build.0 = Debug|Any CPU
		{06C984AE-F24E-46C4-94FA-4C9E35C5EE78}.Release|Any CPU.ActiveCfg = Release|Any CPU
		{06C984AE-F24E-46C4-94FA-4C9E35C5EE78}.Release|Any CPU.Build.0 = Release|Any CPU
		{127591B3-A1B7-464D-97ED-290A9DF31D1A}.Debug|Any CPU.ActiveCfg = Debug|Any CPU
		{127591B3-A1B7-464D-97ED-290A9DF31D1A}.Debug|Any CPU.Build.0 = Debug|Any CPU
		{127591B3-A1B7-464D-97ED-290A9DF31D1A}.Release|Any CPU.ActiveCfg = Release|Any CPU
		{127591B3-A1B7-464D-97ED-290A9DF31D1A}.Release|Any CPU.Build.0 = Release|Any CPU
		{A319CE26-952A-4253-A444-E4F9EB52A872}.Debug|Any CPU.ActiveCfg = Debug|Any CPU
		{A319CE26-952A-4253-A444-E4F9EB52A872}.Debug|Any CPU.Build.0 = Debug|Any CPU
		{A319CE26-952A-4253-A444-E4F9EB52A872}.Release|Any CPU.ActiveCfg = Release|Any CPU
		{A319CE26-952A-4253-A444-E4F9EB52A872}.Release|Any CPU.Build.0 = Release|Any CPU
		{7367E967-DDC0-4BCF-AA4C-94C58375B059}.Debug|Any CPU.ActiveCfg = Debug|Any CPU
		{7367E967-DDC0-4BCF-AA4C-94C58375B059}.Debug|Any CPU.Build.0 = Debug|Any CPU
		{7367E967-DDC0-4BCF-AA4C-94C58375B059}.Release|Any CPU.ActiveCfg = Release|Any CPU
		{7367E967-DDC0-4BCF-AA4C-94C58375B059}.Release|Any CPU.Build.0 = Release|Any CPU
		{05B57A74-F2D7-450F-9550-ADB33E247566}.Debug|Any CPU.ActiveCfg = Debug|Any CPU
		{05B57A74-F2D7-450F-9550-ADB33E247566}.Debug|Any CPU.Build.0 = Debug|Any CPU
		{05B57A74-F2D7-450F-9550-ADB33E247566}.Release|Any CPU.ActiveCfg = Release|Any CPU
		{05B57A74-F2D7-450F-9550-ADB33E247566}.Release|Any CPU.Build.0 = Release|Any CPU
		{4AB0767C-1F94-4E8F-8F4C-488FB363DCBC}.Debug|Any CPU.ActiveCfg = Debug|Any CPU
		{4AB0767C-1F94-4E8F-8F4C-488FB363DCBC}.Debug|Any CPU.Build.0 = Debug|Any CPU
		{4AB0767C-1F94-4E8F-8F4C-488FB363DCBC}.Release|Any CPU.ActiveCfg = Release|Any CPU
		{4AB0767C-1F94-4E8F-8F4C-488FB363DCBC}.Release|Any CPU.Build.0 = Release|Any CPU
		{31B4823E-D239-4AA6-BD9B-47F5FE31BDFD}.Debug|Any CPU.ActiveCfg = Debug|Any CPU
		{31B4823E-D239-4AA6-BD9B-47F5FE31BDFD}.Debug|Any CPU.Build.0 = Debug|Any CPU
		{31B4823E-D239-4AA6-BD9B-47F5FE31BDFD}.Release|Any CPU.ActiveCfg = Release|Any CPU
		{31B4823E-D239-4AA6-BD9B-47F5FE31BDFD}.Release|Any CPU.Build.0 = Release|Any CPU
		{E6EF9453-DAB1-4891-8F4D-FA94AA39CD0F}.Debug|Any CPU.ActiveCfg = Debug|Any CPU
		{E6EF9453-DAB1-4891-8F4D-FA94AA39CD0F}.Debug|Any CPU.Build.0 = Debug|Any CPU
		{E6EF9453-DAB1-4891-8F4D-FA94AA39CD0F}.Release|Any CPU.ActiveCfg = Release|Any CPU
		{E6EF9453-DAB1-4891-8F4D-FA94AA39CD0F}.Release|Any CPU.Build.0 = Release|Any CPU
		{2DB209C3-DDEA-4E82-A665-DA225E04C453}.Debug|Any CPU.ActiveCfg = Debug|Any CPU
		{2DB209C3-DDEA-4E82-A665-DA225E04C453}.Debug|Any CPU.Build.0 = Debug|Any CPU
		{2DB209C3-DDEA-4E82-A665-DA225E04C453}.Release|Any CPU.ActiveCfg = Release|Any CPU
		{2DB209C3-DDEA-4E82-A665-DA225E04C453}.Release|Any CPU.Build.0 = Release|Any CPU
		{7528D73D-5E4B-497E-8EC4-FEA809F3D7C6}.Debug|Any CPU.ActiveCfg = Debug|Any CPU
		{7528D73D-5E4B-497E-8EC4-FEA809F3D7C6}.Debug|Any CPU.Build.0 = Debug|Any CPU
		{7528D73D-5E4B-497E-8EC4-FEA809F3D7C6}.Release|Any CPU.ActiveCfg = Release|Any CPU
		{7528D73D-5E4B-497E-8EC4-FEA809F3D7C6}.Release|Any CPU.Build.0 = Release|Any CPU
		{29AB64BC-26C7-4315-938A-0BE77B2B0A30}.Debug|Any CPU.ActiveCfg = Debug|Any CPU
		{29AB64BC-26C7-4315-938A-0BE77B2B0A30}.Debug|Any CPU.Build.0 = Debug|Any CPU
		{29AB64BC-26C7-4315-938A-0BE77B2B0A30}.Release|Any CPU.ActiveCfg = Release|Any CPU
		{29AB64BC-26C7-4315-938A-0BE77B2B0A30}.Release|Any CPU.Build.0 = Release|Any CPU
		{561D7B46-2AF3-45C4-8A30-F193A224D922}.Debug|Any CPU.ActiveCfg = Debug|Any CPU
		{561D7B46-2AF3-45C4-8A30-F193A224D922}.Debug|Any CPU.Build.0 = Debug|Any CPU
		{561D7B46-2AF3-45C4-8A30-F193A224D922}.Release|Any CPU.ActiveCfg = Release|Any CPU
		{561D7B46-2AF3-45C4-8A30-F193A224D922}.Release|Any CPU.Build.0 = Release|Any CPU
	EndGlobalSection
	GlobalSection(SolutionProperties) = preSolution
		HideSolutionNode = FALSE
	EndGlobalSection
	GlobalSection(ExtensibilityGlobals) = postSolution
		SolutionGuid = {22623ED5-55B9-409B-A4BC-62D85127C04A}
	EndGlobalSection
EndGlobal
